
Microsoft Visual Studio Solution File, Format Version 12.00
# Visual Studio Version 17
VisualStudioVersion = 17.13.35825.156 d17.13
MinimumVisualStudioVersion = 10.0.40219.1
Project("{FAE04EC0-301F-11D3-BF4B-00C04F79EFBC}") = "desafio 1 - imposto", "desafio 1 - imposto\desafio 1 - imposto.csproj", "{BB0E6FE7-BDDF-4FF7-B93E-14365E924F11}"
EndProject
Global
	GlobalSection(SolutionConfigurationPlatforms) = preSolution
		Debug|Any CPU = Debug|Any CPU
		Release|Any CPU = Release|Any CPU
	EndGlobalSection
	GlobalSection(ProjectConfigurationPlatforms) = postSolution
		{BB0E6FE7-BDDF-4FF7-B93E-14365E924F11}.Debug|Any CPU.ActiveCfg = Debug|Any CPU
		{BB0E6FE7-BDDF-4FF7-B93E-14365E924F11}.Debug|Any CPU.Build.0 = Debug|Any CPU
		{BB0E6FE7-BDDF-4FF7-B93E-14365E924F11}.Release|Any CPU.ActiveCfg = Release|Any CPU
		{BB0E6FE7-BDDF-4FF7-B93E-14365E924F11}.Release|Any CPU.Build.0 = Release|Any CPU
	EndGlobalSection
	GlobalSection(SolutionProperties) = preSolution
		HideSolutionNode = FALSE
	EndGlobalSection
	GlobalSection(ExtensibilityGlobals) = postSolution
		SolutionGuid = {37EEDFD2-962F-4E0D-8BF7-DD78ECDF9C53}
	EndGlobalSection
EndGlobal
